
Microsoft Visual Studio Solution File, Format Version 12.00
# Visual Studio Version 17
VisualStudioVersion = 17.11.35312.102
MinimumVisualStudioVersion = 10.0.40219.1
Project("{9A19103F-16F7-4668-BE54-9A1E7A4F7556}") = "CodeKataConsole", "CodeKataConsole\CodeKataConsole.csproj", "{28014E81-F6CB-436F-A551-B1EB97BF847D}"
EndProject
Global
	GlobalSection(SolutionConfigurationPlatforms) = preSolution
		Debug|Any CPU = Debug|Any CPU
		Release|Any CPU = Release|Any CPU
	EndGlobalSection
	GlobalSection(ProjectConfigurationPlatforms) = postSolution
		{28014E81-F6CB-436F-A551-B1EB97BF847D}.Debug|Any CPU.ActiveCfg = Debug|Any CPU
		{28014E81-F6CB-436F-A551-B1EB97BF847D}.Debug|Any CPU.Build.0 = Debug|Any CPU
		{28014E81-F6CB-436F-A551-B1EB97BF847D}.Release|Any CPU.ActiveCfg = Release|Any CPU
		{28014E81-F6CB-436F-A551-B1EB97BF847D}.Release|Any CPU.Build.0 = Release|Any CPU
	EndGlobalSection
	GlobalSection(SolutionProperties) = preSolution
		HideSolutionNode = FALSE
	EndGlobalSection
	GlobalSection(ExtensibilityGlobals) = postSolution
		SolutionGuid = {DDE55604-729A-4D22-AD2D-93450F080A70}
	EndGlobalSection
EndGlobal
